
Microsoft Visual Studio Solution File, Format Version 12.00
# Visual Studio Version 16
VisualStudioVersion = 16.0.29519.181
MinimumVisualStudioVersion = 10.0.40219.1
Project("{FAE04EC0-301F-11D3-BF4B-00C04F79EFBC}") = "BlazorFormValidation", "BlazorFormValidation.csproj", "{F2BE3502-4B52-4B01-AD46-CE9EDCFAD183}"
EndProject
Global
	GlobalSection(SolutionConfigurationPlatforms) = preSolution
		Debug|Any CPU = Debug|Any CPU
		Release|Any CPU = Release|Any CPU
	EndGlobalSection
	GlobalSection(ProjectConfigurationPlatforms) = postSolution
		{F2BE3502-4B52-4B01-AD46-CE9EDCFAD183}.Debug|Any CPU.ActiveCfg = Debug|Any CPU
		{F2BE3502-4B52-4B01-AD46-CE9EDCFAD183}.Debug|Any CPU.Build.0 = Debug|Any CPU
		{F2BE3502-4B52-4B01-AD46-CE9EDCFAD183}.Release|Any CPU.ActiveCfg = Release|Any CPU
		{F2BE3502-4B52-4B01-AD46-CE9EDCFAD183}.Release|Any CPU.Build.0 = Release|Any CPU
	EndGlobalSection
	GlobalSection(SolutionProperties) = preSolution
		HideSolutionNode = FALSE
	EndGlobalSection
	GlobalSection(ExtensibilityGlobals) = postSolution
		SolutionGuid = {28C8F77F-E1B1-485D-843F-2EA247EC4C52}
	EndGlobalSection
EndGlobal
