
Microsoft Visual Studio Solution File, Format Version 12.00
# Visual Studio Version 16
VisualStudioVersion = 16.0.29519.87
MinimumVisualStudioVersion = 10.0.40219.1
Project("{9A19103F-16F7-4668-BE54-9A1E7A4F7556}") = "BlazorAppDynamicCompBasedonDataSet", "BlazorAppDynamicCompBasedonDataSet.csproj", "{4544F5D6-A55F-4CEC-93B6-A483224A3F43}"
EndProject
Global
	GlobalSection(SolutionConfigurationPlatforms) = preSolution
		Debug|Any CPU = Debug|Any CPU
		Release|Any CPU = Release|Any CPU
	EndGlobalSection
	GlobalSection(ProjectConfigurationPlatforms) = postSolution
		{4544F5D6-A55F-4CEC-93B6-A483224A3F43}.Debug|Any CPU.ActiveCfg = Debug|Any CPU
		{4544F5D6-A55F-4CEC-93B6-A483224A3F43}.Debug|Any CPU.Build.0 = Debug|Any CPU
		{4544F5D6-A55F-4CEC-93B6-A483224A3F43}.Release|Any CPU.ActiveCfg = Release|Any CPU
		{4544F5D6-A55F-4CEC-93B6-A483224A3F43}.Release|Any CPU.Build.0 = Release|Any CPU
	EndGlobalSection
	GlobalSection(SolutionProperties) = preSolution
		HideSolutionNode = FALSE
	EndGlobalSection
	GlobalSection(ExtensibilityGlobals) = postSolution
		SolutionGuid = {3EBB0F9E-4EAA-47C8-8CF1-B1B63ED43870}
	EndGlobalSection
EndGlobal
