
Microsoft Visual Studio Solution File, Format Version 12.00
# Visual Studio Version 16
VisualStudioVersion = 16.0.29519.181
MinimumVisualStudioVersion = 10.0.40219.1
Project("{FAE04EC0-301F-11D3-BF4B-00C04F79EFBC}") = "BlazorComponentsWorkOuts", "BlazorComponentsWorkOuts.csproj", "{2D27E681-BE60-4035-9F05-4A9B7FD3BEE4}"
EndProject
Global
	GlobalSection(SolutionConfigurationPlatforms) = preSolution
		Debug|Any CPU = Debug|Any CPU
		Release|Any CPU = Release|Any CPU
	EndGlobalSection
	GlobalSection(ProjectConfigurationPlatforms) = postSolution
		{2D27E681-BE60-4035-9F05-4A9B7FD3BEE4}.Debug|Any CPU.ActiveCfg = Debug|Any CPU
		{2D27E681-BE60-4035-9F05-4A9B7FD3BEE4}.Debug|Any CPU.Build.0 = Debug|Any CPU
		{2D27E681-BE60-4035-9F05-4A9B7FD3BEE4}.Release|Any CPU.ActiveCfg = Release|Any CPU
		{2D27E681-BE60-4035-9F05-4A9B7FD3BEE4}.Release|Any CPU.Build.0 = Release|Any CPU
	EndGlobalSection
	GlobalSection(SolutionProperties) = preSolution
		HideSolutionNode = FALSE
	EndGlobalSection
	GlobalSection(ExtensibilityGlobals) = postSolution
		SolutionGuid = {8E2983F8-3563-4A2F-A2C7-C54B84294D70}
	EndGlobalSection
EndGlobal
