
Microsoft Visual Studio Solution File, Format Version 12.00
# Visual Studio Version 16
VisualStudioVersion = 16.0.29709.97
MinimumVisualStudioVersion = 10.0.40219.1
Project("{9A19103F-16F7-4668-BE54-9A1E7A4F7556}") = "EmployeeManagement", "..\BlazorAppCRUD\EmployeeManagement.csproj", "{9AAFA50D-921F-4A90-9E97-FCC266E71A14}"
EndProject
Project("{9A19103F-16F7-4668-BE54-9A1E7A4F7556}") = "EmployeeManagement.Data", "..\Blazor.Data\EmployeeManagement.Data.csproj", "{4CA03BB8-FD11-4118-827D-3B594EAD9024}"
EndProject
Global
	GlobalSection(SolutionConfigurationPlatforms) = preSolution
		Debug|Any CPU = Debug|Any CPU
		Release|Any CPU = Release|Any CPU
	EndGlobalSection
	GlobalSection(ProjectConfigurationPlatforms) = postSolution
		{9AAFA50D-921F-4A90-9E97-FCC266E71A14}.Debug|Any CPU.ActiveCfg = Debug|Any CPU
		{9AAFA50D-921F-4A90-9E97-FCC266E71A14}.Debug|Any CPU.Build.0 = Debug|Any CPU
		{9AAFA50D-921F-4A90-9E97-FCC266E71A14}.Release|Any CPU.ActiveCfg = Release|Any CPU
		{9AAFA50D-921F-4A90-9E97-FCC266E71A14}.Release|Any CPU.Build.0 = Release|Any CPU
		{4CA03BB8-FD11-4118-827D-3B594EAD9024}.Debug|Any CPU.ActiveCfg = Debug|Any CPU
		{4CA03BB8-FD11-4118-827D-3B594EAD9024}.Debug|Any CPU.Build.0 = Debug|Any CPU
		{4CA03BB8-FD11-4118-827D-3B594EAD9024}.Release|Any CPU.ActiveCfg = Release|Any CPU
		{4CA03BB8-FD11-4118-827D-3B594EAD9024}.Release|Any CPU.Build.0 = Release|Any CPU
	EndGlobalSection
	GlobalSection(SolutionProperties) = preSolution
		HideSolutionNode = FALSE
	EndGlobalSection
	GlobalSection(ExtensibilityGlobals) = postSolution
		SolutionGuid = {18E0781B-434D-4111-BB00-EC7F9437282D}
	EndGlobalSection
EndGlobal
